
Microsoft Visual Studio Solution File, Format Version 12.00
# Visual Studio Version 17
VisualStudioVersion = 17.1.32228.430
MinimumVisualStudioVersion = 10.0.40219.1
Project("{9A19103F-16F7-4668-BE54-9A1E7A4F7556}") = "Villainous.DataAccess", "Villainous.DataAccess\Villainous.DataAccess.csproj", "{EC02E074-AA70-4854-8302-134C126F0E61}"
EndProject
Project("{9A19103F-16F7-4668-BE54-9A1E7A4F7556}") = "Villainous.Infastructure", "Villainous.Infastructure\Villainous.Infastructure.csproj", "{59794F76-045C-4A68-B2D1-6D08520B7B8F}"
EndProject
Project("{9A19103F-16F7-4668-BE54-9A1E7A4F7556}") = "Villainous.API", "Villainous.API\Villainous.API.csproj", "{D7864471-1EDE-4C46-9336-E46ED570DE36}"
EndProject
Project("{9A19103F-16F7-4668-BE54-9A1E7A4F7556}") = "Villainous.Bussines", "Villainous.Bussines\Villainous.Bussines.csproj", "{A0C895BD-3F52-4773-8270-81D734403BB5}"
EndProject
Project("{9A19103F-16F7-4668-BE54-9A1E7A4F7556}") = "Villainous.Client", "Villainous.Client\Villainous.Client.csproj", "{78C1A32C-93B3-42B9-A720-C72A7F5A45AB}"
EndProject
Project("{9A19103F-16F7-4668-BE54-9A1E7A4F7556}") = "Villainous.Contracts", "Villainous.Contracts\Villainous.Contracts.csproj", "{EC43862D-445C-4A84-B002-C83B2CE9ACF6}"
EndProject
Project("{9A19103F-16F7-4668-BE54-9A1E7A4F7556}") = "Villainous.Domain", "Villainous.Domain\Villainous.Domain.csproj", "{03D02532-3AC9-4603-8133-6A665187792B}"
EndProject
Project("{9A19103F-16F7-4668-BE54-9A1E7A4F7556}") = "Villainous.SignalR", "Villainous.SignalR\Villainous.SignalR.csproj", "{016D54BE-EA27-4D5E-A357-2B6003D3EDC0}"
EndProject
Project("{9A19103F-16F7-4668-BE54-9A1E7A4F7556}") = "Villainous.WinForm", "Villainous.WinForm\Villainous.WinForm.csproj", "{9FBF38A4-92E0-432B-B834-575852F3A536}"
EndProject
Global
	GlobalSection(SolutionConfigurationPlatforms) = preSolution
		Debug|Any CPU = Debug|Any CPU
		Release|Any CPU = Release|Any CPU
	EndGlobalSection
	GlobalSection(ProjectConfigurationPlatforms) = postSolution
		{EC02E074-AA70-4854-8302-134C126F0E61}.Debug|Any CPU.ActiveCfg = Debug|Any CPU
		{EC02E074-AA70-4854-8302-134C126F0E61}.Debug|Any CPU.Build.0 = Debug|Any CPU
		{EC02E074-AA70-4854-8302-134C126F0E61}.Release|Any CPU.ActiveCfg = Release|Any CPU
		{EC02E074-AA70-4854-8302-134C126F0E61}.Release|Any CPU.Build.0 = Release|Any CPU
		{59794F76-045C-4A68-B2D1-6D08520B7B8F}.Debug|Any CPU.ActiveCfg = Debug|Any CPU
		{59794F76-045C-4A68-B2D1-6D08520B7B8F}.Debug|Any CPU.Build.0 = Debug|Any CPU
		{59794F76-045C-4A68-B2D1-6D08520B7B8F}.Release|Any CPU.ActiveCfg = Release|Any CPU
		{59794F76-045C-4A68-B2D1-6D08520B7B8F}.Release|Any CPU.Build.0 = Release|Any CPU
		{D7864471-1EDE-4C46-9336-E46ED570DE36}.Debug|Any CPU.ActiveCfg = Debug|Any CPU
		{D7864471-1EDE-4C46-9336-E46ED570DE36}.Debug|Any CPU.Build.0 = Debug|Any CPU
		{D7864471-1EDE-4C46-9336-E46ED570DE36}.Release|Any CPU.ActiveCfg = Release|Any CPU
		{D7864471-1EDE-4C46-9336-E46ED570DE36}.Release|Any CPU.Build.0 = Release|Any CPU
		{A0C895BD-3F52-4773-8270-81D734403BB5}.Debug|Any CPU.ActiveCfg = Debug|Any CPU
		{A0C895BD-3F52-4773-8270-81D734403BB5}.Debug|Any CPU.Build.0 = Debug|Any CPU
		{A0C895BD-3F52-4773-8270-81D734403BB5}.Release|Any CPU.ActiveCfg = Release|Any CPU
		{A0C895BD-3F52-4773-8270-81D734403BB5}.Release|Any CPU.Build.0 = Release|Any CPU
		{78C1A32C-93B3-42B9-A720-C72A7F5A45AB}.Debug|Any CPU.ActiveCfg = Debug|Any CPU
		{78C1A32C-93B3-42B9-A720-C72A7F5A45AB}.Debug|Any CPU.Build.0 = Debug|Any CPU
		{78C1A32C-93B3-42B9-A720-C72A7F5A45AB}.Release|Any CPU.ActiveCfg = Release|Any CPU
		{78C1A32C-93B3-42B9-A720-C72A7F5A45AB}.Release|Any CPU.Build.0 = Release|Any CPU
		{EC43862D-445C-4A84-B002-C83B2CE9ACF6}.Debug|Any CPU.ActiveCfg = Debug|Any CPU
		{EC43862D-445C-4A84-B002-C83B2CE9ACF6}.Debug|Any CPU.Build.0 = Debug|Any CPU
		{EC43862D-445C-4A84-B002-C83B2CE9ACF6}.Release|Any CPU.ActiveCfg = Release|Any CPU
		{EC43862D-445C-4A84-B002-C83B2CE9ACF6}.Release|Any CPU.Build.0 = Release|Any CPU
		{03D02532-3AC9-4603-8133-6A665187792B}.Debug|Any CPU.ActiveCfg = Debug|Any CPU
		{03D02532-3AC9-4603-8133-6A665187792B}.Debug|Any CPU.Build.0 = Debug|Any CPU
		{03D02532-3AC9-4603-8133-6A665187792B}.Release|Any CPU.ActiveCfg = Release|Any CPU
		{03D02532-3AC9-4603-8133-6A665187792B}.Release|Any CPU.Build.0 = Release|Any CPU
		{016D54BE-EA27-4D5E-A357-2B6003D3EDC0}.Debug|Any CPU.ActiveCfg = Debug|Any CPU
		{016D54BE-EA27-4D5E-A357-2B6003D3EDC0}.Debug|Any CPU.Build.0 = Debug|Any CPU
		{016D54BE-EA27-4D5E-A357-2B6003D3EDC0}.Release|Any CPU.ActiveCfg = Release|Any CPU
		{016D54BE-EA27-4D5E-A357-2B6003D3EDC0}.Release|Any CPU.Build.0 = Release|Any CPU
		{9FBF38A4-92E0-432B-B834-575852F3A536}.Debug|Any CPU.ActiveCfg = Debug|Any CPU
		{9FBF38A4-92E0-432B-B834-575852F3A536}.Debug|Any CPU.Build.0 = Debug|Any CPU
		{9FBF38A4-92E0-432B-B834-575852F3A536}.Release|Any CPU.ActiveCfg = Release|Any CPU
		{9FBF38A4-92E0-432B-B834-575852F3A536}.Release|Any CPU.Build.0 = Release|Any CPU
	EndGlobalSection
	GlobalSection(SolutionProperties) = preSolution
		HideSolutionNode = FALSE
	EndGlobalSection
	GlobalSection(ExtensibilityGlobals) = postSolution
		SolutionGuid = {82FEC515-05D5-43BF-9E83-317BA09BBBCA}
	EndGlobalSection
EndGlobal
